// !$*UTF8*$!
{
	archiveVersion = 1;
	classes = {
	};
	objectVersion = 56;
	objects = {

/* Begin PBXBuildFile section */
		9E1EBA622A8BC89000A0859D /* HomeFactory.swift in Sources */ = {isa = PBXBuildFile; fileRef = 9E1EBA612A8BC89000A0859D /* HomeFactory.swift */; };
		9E1EBA652A8BC9F000A0859D /* HomeViewModelTests.swift in Sources */ = {isa = PBXBuildFile; fileRef = 9E1EBA642A8BC9F000A0859D /* HomeViewModelTests.swift */; };
		9E7DFA252A7D3D0E00D0C63B /* AppDelegate.swift in Sources */ = {isa = PBXBuildFile; fileRef = 9E7DFA242A7D3D0E00D0C63B /* AppDelegate.swift */; };
		9E7DFA272A7D3D0E00D0C63B /* SceneDelegate.swift in Sources */ = {isa = PBXBuildFile; fileRef = 9E7DFA262A7D3D0E00D0C63B /* SceneDelegate.swift */; };
		9E7DFA292A7D3D0E00D0C63B /* HomeViewController.swift in Sources */ = {isa = PBXBuildFile; fileRef = 9E7DFA282A7D3D0E00D0C63B /* HomeViewController.swift */; };
		9E7DFA2E2A7D3D0F00D0C63B /* Assets.xcassets in Resources */ = {isa = PBXBuildFile; fileRef = 9E7DFA2D2A7D3D0F00D0C63B /* Assets.xcassets */; };
		9E7DFA312A7D3D0F00D0C63B /* LaunchScreen.storyboard in Resources */ = {isa = PBXBuildFile; fileRef = 9E7DFA2F2A7D3D0F00D0C63B /* LaunchScreen.storyboard */; };
		9E7DFA462A7D3D1000D0C63B /* AppForUnitTestingUITests.swift in Sources */ = {isa = PBXBuildFile; fileRef = 9E7DFA452A7D3D1000D0C63B /* AppForUnitTestingUITests.swift */; };
		9E7DFA482A7D3D1000D0C63B /* AppForUnitTestingUITestsLaunchTests.swift in Sources */ = {isa = PBXBuildFile; fileRef = 9E7DFA472A7D3D1000D0C63B /* AppForUnitTestingUITestsLaunchTests.swift */; };
		9E7DFA562A7D457100D0C63B /* HomeViewModel.swift in Sources */ = {isa = PBXBuildFile; fileRef = 9E7DFA552A7D457100D0C63B /* HomeViewModel.swift */; };
		9E7DFA582A7D473600D0C63B /* HomeService.swift in Sources */ = {isa = PBXBuildFile; fileRef = 9E7DFA572A7D473600D0C63B /* HomeService.swift */; };
		9E8FDB212A8C1CCC00C2DAC6 /* FeatureFlag.docc in Sources */ = {isa = PBXBuildFile; fileRef = 9E8FDB202A8C1CCC00C2DAC6 /* FeatureFlag.docc */; };
		9E8FDB272A8C1CCC00C2DAC6 /* FeatureFlag.framework in Frameworks */ = {isa = PBXBuildFile; fileRef = 9E8FDB1D2A8C1CCC00C2DAC6 /* FeatureFlag.framework */; };
		9E8FDB2E2A8C1CCC00C2DAC6 /* FeatureFlagTests.swift in Sources */ = {isa = PBXBuildFile; fileRef = 9E8FDB2D2A8C1CCC00C2DAC6 /* FeatureFlagTests.swift */; };
		9E8FDB2F2A8C1CCC00C2DAC6 /* FeatureFlag.h in Headers */ = {isa = PBXBuildFile; fileRef = 9E8FDB1F2A8C1CCC00C2DAC6 /* FeatureFlag.h */; settings = {ATTRIBUTES = (Public, ); }; };
		9E8FDB322A8C1CCC00C2DAC6 /* FeatureFlag.framework in Frameworks */ = {isa = PBXBuildFile; fileRef = 9E8FDB1D2A8C1CCC00C2DAC6 /* FeatureFlag.framework */; };
		9E8FDB332A8C1CCC00C2DAC6 /* FeatureFlag.framework in Embed Frameworks */ = {isa = PBXBuildFile; fileRef = 9E8FDB1D2A8C1CCC00C2DAC6 /* FeatureFlag.framework */; settings = {ATTRIBUTES = (CodeSignOnCopy, RemoveHeadersOnCopy, ); }; };
		9E8FDB3D2A8C1E0F00C2DAC6 /* FeatureFlagService.swift in Sources */ = {isa = PBXBuildFile; fileRef = 9E8FDB3C2A8C1E0F00C2DAC6 /* FeatureFlagService.swift */; };
		9E8FDB3F2A8C23CC00C2DAC6 /* NewHomeService.swift in Sources */ = {isa = PBXBuildFile; fileRef = 9E8FDB3E2A8C23CC00C2DAC6 /* NewHomeService.swift */; };
		9E8FDB492A8C28B100C2DAC6 /* Analytics.docc in Sources */ = {isa = PBXBuildFile; fileRef = 9E8FDB482A8C28B100C2DAC6 /* Analytics.docc */; };
		9E8FDB4F2A8C28B100C2DAC6 /* Analytics.framework in Frameworks */ = {isa = PBXBuildFile; fileRef = 9E8FDB452A8C28B100C2DAC6 /* Analytics.framework */; };
		9E8FDB562A8C28B100C2DAC6 /* AnalyticsTests.swift in Sources */ = {isa = PBXBuildFile; fileRef = 9E8FDB552A8C28B100C2DAC6 /* AnalyticsTests.swift */; };
		9E8FDB572A8C28B100C2DAC6 /* Analytics.h in Headers */ = {isa = PBXBuildFile; fileRef = 9E8FDB472A8C28B100C2DAC6 /* Analytics.h */; settings = {ATTRIBUTES = (Public, ); }; };
		9E8FDB5A2A8C28B100C2DAC6 /* Analytics.framework in Frameworks */ = {isa = PBXBuildFile; fileRef = 9E8FDB452A8C28B100C2DAC6 /* Analytics.framework */; };
		9E8FDB5B2A8C28B100C2DAC6 /* Analytics.framework in Embed Frameworks */ = {isa = PBXBuildFile; fileRef = 9E8FDB452A8C28B100C2DAC6 /* Analytics.framework */; settings = {ATTRIBUTES = (CodeSignOnCopy, RemoveHeadersOnCopy, ); }; };
		9E8FDB642A8C28C600C2DAC6 /* Analytics.swift in Sources */ = {isa = PBXBuildFile; fileRef = 9E8FDB632A8C28C600C2DAC6 /* Analytics.swift */; };
		9E8FDB6E2A8C2A5600C2DAC6 /* Observability.docc in Sources */ = {isa = PBXBuildFile; fileRef = 9E8FDB6D2A8C2A5600C2DAC6 /* Observability.docc */; };
		9E8FDB742A8C2A5600C2DAC6 /* Observability.framework in Frameworks */ = {isa = PBXBuildFile; fileRef = 9E8FDB6A2A8C2A5600C2DAC6 /* Observability.framework */; };
		9E8FDB7B2A8C2A5600C2DAC6 /* ObservabilityTests.swift in Sources */ = {isa = PBXBuildFile; fileRef = 9E8FDB7A2A8C2A5600C2DAC6 /* ObservabilityTests.swift */; };
		9E8FDB7C2A8C2A5600C2DAC6 /* Observability.h in Headers */ = {isa = PBXBuildFile; fileRef = 9E8FDB6C2A8C2A5600C2DAC6 /* Observability.h */; settings = {ATTRIBUTES = (Public, ); }; };
		9E8FDB7F2A8C2A5600C2DAC6 /* Observability.framework in Frameworks */ = {isa = PBXBuildFile; fileRef = 9E8FDB6A2A8C2A5600C2DAC6 /* Observability.framework */; };
		9E8FDB802A8C2A5600C2DAC6 /* Observability.framework in Embed Frameworks */ = {isa = PBXBuildFile; fileRef = 9E8FDB6A2A8C2A5600C2DAC6 /* Observability.framework */; settings = {ATTRIBUTES = (CodeSignOnCopy, RemoveHeadersOnCopy, ); }; };
		9E8FDB892A8C2A7C00C2DAC6 /* Observability.swift in Sources */ = {isa = PBXBuildFile; fileRef = 9E8FDB882A8C2A7C00C2DAC6 /* Observability.swift */; };
/* End PBXBuildFile section */

/* Begin PBXContainerItemProxy section */
		9E7DFA382A7D3D1000D0C63B /* PBXContainerItemProxy */ = {
			isa = PBXContainerItemProxy;
			containerPortal = 9E7DFA192A7D3D0E00D0C63B /* Project object */;
			proxyType = 1;
			remoteGlobalIDString = 9E7DFA202A7D3D0E00D0C63B;
			remoteInfo = AppForUnitTesting;
		};
		9E7DFA422A7D3D1000D0C63B /* PBXContainerItemProxy */ = {
			isa = PBXContainerItemProxy;
			containerPortal = 9E7DFA192A7D3D0E00D0C63B /* Project object */;
			proxyType = 1;
			remoteGlobalIDString = 9E7DFA202A7D3D0E00D0C63B;
			remoteInfo = AppForUnitTesting;
		};
		9E8FDB282A8C1CCC00C2DAC6 /* PBXContainerItemProxy */ = {
			isa = PBXContainerItemProxy;
			containerPortal = 9E7DFA192A7D3D0E00D0C63B /* Project object */;
			proxyType = 1;
			remoteGlobalIDString = 9E8FDB1C2A8C1CCC00C2DAC6;
			remoteInfo = FeatureFlag;
		};
		9E8FDB2A2A8C1CCC00C2DAC6 /* PBXContainerItemProxy */ = {
			isa = PBXContainerItemProxy;
			containerPortal = 9E7DFA192A7D3D0E00D0C63B /* Project object */;
			proxyType = 1;
			remoteGlobalIDString = 9E7DFA202A7D3D0E00D0C63B;
			remoteInfo = AppForUnitTesting;
		};
		9E8FDB302A8C1CCC00C2DAC6 /* PBXContainerItemProxy */ = {
			isa = PBXContainerItemProxy;
			containerPortal = 9E7DFA192A7D3D0E00D0C63B /* Project object */;
			proxyType = 1;
			remoteGlobalIDString = 9E8FDB1C2A8C1CCC00C2DAC6;
			remoteInfo = FeatureFlag;
		};
		9E8FDB502A8C28B100C2DAC6 /* PBXContainerItemProxy */ = {
			isa = PBXContainerItemProxy;
			containerPortal = 9E7DFA192A7D3D0E00D0C63B /* Project object */;
			proxyType = 1;
			remoteGlobalIDString = 9E8FDB442A8C28B100C2DAC6;
			remoteInfo = Analytics;
		};
		9E8FDB522A8C28B100C2DAC6 /* PBXContainerItemProxy */ = {
			isa = PBXContainerItemProxy;
			containerPortal = 9E7DFA192A7D3D0E00D0C63B /* Project object */;
			proxyType = 1;
			remoteGlobalIDString = 9E7DFA202A7D3D0E00D0C63B;
			remoteInfo = AppForUnitTesting;
		};
		9E8FDB582A8C28B100C2DAC6 /* PBXContainerItemProxy */ = {
			isa = PBXContainerItemProxy;
			containerPortal = 9E7DFA192A7D3D0E00D0C63B /* Project object */;
			proxyType = 1;
			remoteGlobalIDString = 9E8FDB442A8C28B100C2DAC6;
			remoteInfo = Analytics;
		};
		9E8FDB752A8C2A5600C2DAC6 /* PBXContainerItemProxy */ = {
			isa = PBXContainerItemProxy;
			containerPortal = 9E7DFA192A7D3D0E00D0C63B /* Project object */;
			proxyType = 1;
			remoteGlobalIDString = 9E8FDB692A8C2A5600C2DAC6;
			remoteInfo = Observability;
		};
		9E8FDB772A8C2A5600C2DAC6 /* PBXContainerItemProxy */ = {
			isa = PBXContainerItemProxy;
			containerPortal = 9E7DFA192A7D3D0E00D0C63B /* Project object */;
			proxyType = 1;
			remoteGlobalIDString = 9E7DFA202A7D3D0E00D0C63B;
			remoteInfo = AppForUnitTesting;
		};
		9E8FDB7D2A8C2A5600C2DAC6 /* PBXContainerItemProxy */ = {
			isa = PBXContainerItemProxy;
			containerPortal = 9E7DFA192A7D3D0E00D0C63B /* Project object */;
			proxyType = 1;
			remoteGlobalIDString = 9E8FDB692A8C2A5600C2DAC6;
			remoteInfo = Observability;
		};
/* End PBXContainerItemProxy section */

/* Begin PBXCopyFilesBuildPhase section */
		9E8FDB372A8C1CCC00C2DAC6 /* Embed Frameworks */ = {
			isa = PBXCopyFilesBuildPhase;
			buildActionMask = 2147483647;
			dstPath = "";
			dstSubfolderSpec = 10;
			files = (
				9E8FDB332A8C1CCC00C2DAC6 /* FeatureFlag.framework in Embed Frameworks */,
				9E8FDB5B2A8C28B100C2DAC6 /* Analytics.framework in Embed Frameworks */,
				9E8FDB802A8C2A5600C2DAC6 /* Observability.framework in Embed Frameworks */,
			);
			name = "Embed Frameworks";
			runOnlyForDeploymentPostprocessing = 0;
		};
/* End PBXCopyFilesBuildPhase section */

/* Begin PBXFileReference section */
		9E1EBA612A8BC89000A0859D /* HomeFactory.swift */ = {isa = PBXFileReference; lastKnownFileType = sourcecode.swift; path = HomeFactory.swift; sourceTree = "<group>"; };
		9E1EBA642A8BC9F000A0859D /* HomeViewModelTests.swift */ = {isa = PBXFileReference; lastKnownFileType = sourcecode.swift; path = HomeViewModelTests.swift; sourceTree = "<group>"; };
		9E7DFA212A7D3D0E00D0C63B /* AppForUnitTesting.app */ = {isa = PBXFileReference; explicitFileType = wrapper.application; includeInIndex = 0; path = AppForUnitTesting.app; sourceTree = BUILT_PRODUCTS_DIR; };
		9E7DFA242A7D3D0E00D0C63B /* AppDelegate.swift */ = {isa = PBXFileReference; lastKnownFileType = sourcecode.swift; path = AppDelegate.swift; sourceTree = "<group>"; };
		9E7DFA262A7D3D0E00D0C63B /* SceneDelegate.swift */ = {isa = PBXFileReference; lastKnownFileType = sourcecode.swift; path = SceneDelegate.swift; sourceTree = "<group>"; };
		9E7DFA282A7D3D0E00D0C63B /* HomeViewController.swift */ = {isa = PBXFileReference; lastKnownFileType = sourcecode.swift; path = HomeViewController.swift; sourceTree = "<group>"; };
		9E7DFA2D2A7D3D0F00D0C63B /* Assets.xcassets */ = {isa = PBXFileReference; lastKnownFileType = folder.assetcatalog; path = Assets.xcassets; sourceTree = "<group>"; };
		9E7DFA302A7D3D0F00D0C63B /* Base */ = {isa = PBXFileReference; lastKnownFileType = file.storyboard; name = Base; path = Base.lproj/LaunchScreen.storyboard; sourceTree = "<group>"; };
		9E7DFA322A7D3D0F00D0C63B /* Info.plist */ = {isa = PBXFileReference; lastKnownFileType = text.plist.xml; path = Info.plist; sourceTree = "<group>"; };
		9E7DFA372A7D3D1000D0C63B /* AppForUnitTestingTests.xctest */ = {isa = PBXFileReference; explicitFileType = wrapper.cfbundle; includeInIndex = 0; path = AppForUnitTestingTests.xctest; sourceTree = BUILT_PRODUCTS_DIR; };
		9E7DFA412A7D3D1000D0C63B /* AppForUnitTestingUITests.xctest */ = {isa = PBXFileReference; explicitFileType = wrapper.cfbundle; includeInIndex = 0; path = AppForUnitTestingUITests.xctest; sourceTree = BUILT_PRODUCTS_DIR; };
		9E7DFA452A7D3D1000D0C63B /* AppForUnitTestingUITests.swift */ = {isa = PBXFileReference; lastKnownFileType = sourcecode.swift; path = AppForUnitTestingUITests.swift; sourceTree = "<group>"; };
		9E7DFA472A7D3D1000D0C63B /* AppForUnitTestingUITestsLaunchTests.swift */ = {isa = PBXFileReference; lastKnownFileType = sourcecode.swift; path = AppForUnitTestingUITestsLaunchTests.swift; sourceTree = "<group>"; };
		9E7DFA552A7D457100D0C63B /* HomeViewModel.swift */ = {isa = PBXFileReference; lastKnownFileType = sourcecode.swift; path = HomeViewModel.swift; sourceTree = "<group>"; };
		9E7DFA572A7D473600D0C63B /* HomeService.swift */ = {isa = PBXFileReference; lastKnownFileType = sourcecode.swift; path = HomeService.swift; sourceTree = "<group>"; };
		9E8FDB1D2A8C1CCC00C2DAC6 /* FeatureFlag.framework */ = {isa = PBXFileReference; explicitFileType = wrapper.framework; includeInIndex = 0; path = FeatureFlag.framework; sourceTree = BUILT_PRODUCTS_DIR; };
		9E8FDB1F2A8C1CCC00C2DAC6 /* FeatureFlag.h */ = {isa = PBXFileReference; lastKnownFileType = sourcecode.c.h; path = FeatureFlag.h; sourceTree = "<group>"; };
		9E8FDB202A8C1CCC00C2DAC6 /* FeatureFlag.docc */ = {isa = PBXFileReference; lastKnownFileType = folder.documentationcatalog; path = FeatureFlag.docc; sourceTree = "<group>"; };
		9E8FDB262A8C1CCC00C2DAC6 /* FeatureFlagTests.xctest */ = {isa = PBXFileReference; explicitFileType = wrapper.cfbundle; includeInIndex = 0; path = FeatureFlagTests.xctest; sourceTree = BUILT_PRODUCTS_DIR; };
		9E8FDB2D2A8C1CCC00C2DAC6 /* FeatureFlagTests.swift */ = {isa = PBXFileReference; lastKnownFileType = sourcecode.swift; path = FeatureFlagTests.swift; sourceTree = "<group>"; };
		9E8FDB3C2A8C1E0F00C2DAC6 /* FeatureFlagService.swift */ = {isa = PBXFileReference; lastKnownFileType = sourcecode.swift; path = FeatureFlagService.swift; sourceTree = "<group>"; };
		9E8FDB3E2A8C23CC00C2DAC6 /* NewHomeService.swift */ = {isa = PBXFileReference; lastKnownFileType = sourcecode.swift; path = NewHomeService.swift; sourceTree = "<group>"; };
		9E8FDB452A8C28B100C2DAC6 /* Analytics.framework */ = {isa = PBXFileReference; explicitFileType = wrapper.framework; includeInIndex = 0; path = Analytics.framework; sourceTree = BUILT_PRODUCTS_DIR; };
		9E8FDB472A8C28B100C2DAC6 /* Analytics.h */ = {isa = PBXFileReference; lastKnownFileType = sourcecode.c.h; path = Analytics.h; sourceTree = "<group>"; };
		9E8FDB482A8C28B100C2DAC6 /* Analytics.docc */ = {isa = PBXFileReference; lastKnownFileType = folder.documentationcatalog; path = Analytics.docc; sourceTree = "<group>"; };
		9E8FDB4E2A8C28B100C2DAC6 /* AnalyticsTests.xctest */ = {isa = PBXFileReference; explicitFileType = wrapper.cfbundle; includeInIndex = 0; path = AnalyticsTests.xctest; sourceTree = BUILT_PRODUCTS_DIR; };
		9E8FDB552A8C28B100C2DAC6 /* AnalyticsTests.swift */ = {isa = PBXFileReference; lastKnownFileType = sourcecode.swift; path = AnalyticsTests.swift; sourceTree = "<group>"; };
		9E8FDB632A8C28C600C2DAC6 /* Analytics.swift */ = {isa = PBXFileReference; lastKnownFileType = sourcecode.swift; path = Analytics.swift; sourceTree = "<group>"; };
		9E8FDB6A2A8C2A5600C2DAC6 /* Observability.framework */ = {isa = PBXFileReference; explicitFileType = wrapper.framework; includeInIndex = 0; path = Observability.framework; sourceTree = BUILT_PRODUCTS_DIR; };
		9E8FDB6C2A8C2A5600C2DAC6 /* Observability.h */ = {isa = PBXFileReference; lastKnownFileType = sourcecode.c.h; path = Observability.h; sourceTree = "<group>"; };
		9E8FDB6D2A8C2A5600C2DAC6 /* Observability.docc */ = {isa = PBXFileReference; lastKnownFileType = folder.documentationcatalog; path = Observability.docc; sourceTree = "<group>"; };
		9E8FDB732A8C2A5600C2DAC6 /* ObservabilityTests.xctest */ = {isa = PBXFileReference; explicitFileType = wrapper.cfbundle; includeInIndex = 0; path = ObservabilityTests.xctest; sourceTree = BUILT_PRODUCTS_DIR; };
		9E8FDB7A2A8C2A5600C2DAC6 /* ObservabilityTests.swift */ = {isa = PBXFileReference; lastKnownFileType = sourcecode.swift; path = ObservabilityTests.swift; sourceTree = "<group>"; };
		9E8FDB882A8C2A7C00C2DAC6 /* Observability.swift */ = {isa = PBXFileReference; lastKnownFileType = sourcecode.swift; path = Observability.swift; sourceTree = "<group>"; };
/* End PBXFileReference section */

/* Begin PBXFrameworksBuildPhase section */
		9E7DFA1E2A7D3D0E00D0C63B /* Frameworks */ = {
			isa = PBXFrameworksBuildPhase;
			buildActionMask = 2147483647;
			files = (
				9E8FDB322A8C1CCC00C2DAC6 /* FeatureFlag.framework in Frameworks */,
				9E8FDB5A2A8C28B100C2DAC6 /* Analytics.framework in Frameworks */,
				9E8FDB7F2A8C2A5600C2DAC6 /* Observability.framework in Frameworks */,
			);
			runOnlyForDeploymentPostprocessing = 0;
		};
		9E7DFA342A7D3D1000D0C63B /* Frameworks */ = {
			isa = PBXFrameworksBuildPhase;
			buildActionMask = 2147483647;
			files = (
			);
			runOnlyForDeploymentPostprocessing = 0;
		};
		9E7DFA3E2A7D3D1000D0C63B /* Frameworks */ = {
			isa = PBXFrameworksBuildPhase;
			buildActionMask = 2147483647;
			files = (
			);
			runOnlyForDeploymentPostprocessing = 0;
		};
		9E8FDB1A2A8C1CCC00C2DAC6 /* Frameworks */ = {
			isa = PBXFrameworksBuildPhase;
			buildActionMask = 2147483647;
			files = (
			);
			runOnlyForDeploymentPostprocessing = 0;
		};
		9E8FDB232A8C1CCC00C2DAC6 /* Frameworks */ = {
			isa = PBXFrameworksBuildPhase;
			buildActionMask = 2147483647;
			files = (
				9E8FDB272A8C1CCC00C2DAC6 /* FeatureFlag.framework in Frameworks */,
			);
			runOnlyForDeploymentPostprocessing = 0;
		};
		9E8FDB422A8C28B100C2DAC6 /* Frameworks */ = {
			isa = PBXFrameworksBuildPhase;
			buildActionMask = 2147483647;
			files = (
			);
			runOnlyForDeploymentPostprocessing = 0;
		};
		9E8FDB4B2A8C28B100C2DAC6 /* Frameworks */ = {
			isa = PBXFrameworksBuildPhase;
			buildActionMask = 2147483647;
			files = (
				9E8FDB4F2A8C28B100C2DAC6 /* Analytics.framework in Frameworks */,
			);
			runOnlyForDeploymentPostprocessing = 0;
		};
		9E8FDB672A8C2A5600C2DAC6 /* Frameworks */ = {
			isa = PBXFrameworksBuildPhase;
			buildActionMask = 2147483647;
			files = (
			);
			runOnlyForDeploymentPostprocessing = 0;
		};
		9E8FDB702A8C2A5600C2DAC6 /* Frameworks */ = {
			isa = PBXFrameworksBuildPhase;
			buildActionMask = 2147483647;
			files = (
				9E8FDB742A8C2A5600C2DAC6 /* Observability.framework in Frameworks */,
			);
			runOnlyForDeploymentPostprocessing = 0;
		};
/* End PBXFrameworksBuildPhase section */

/* Begin PBXGroup section */
		9E1EBA632A8BC9C200A0859D /* Home */ = {
			isa = PBXGroup;
			children = (
				9E1EBA642A8BC9F000A0859D /* HomeViewModelTests.swift */,
			);
			path = Home;
			sourceTree = "<group>";
		};
		9E7DFA182A7D3D0E00D0C63B = {
			isa = PBXGroup;
			children = (
				9E7DFA232A7D3D0E00D0C63B /* AppForUnitTesting */,
				9E7DFA3A2A7D3D1000D0C63B /* AppForUnitTestingTests */,
				9E7DFA442A7D3D1000D0C63B /* AppForUnitTestingUITests */,
				9E8FDB1E2A8C1CCC00C2DAC6 /* FeatureFlag */,
				9E8FDB2C2A8C1CCC00C2DAC6 /* FeatureFlagTests */,
				9E8FDB462A8C28B100C2DAC6 /* Analytics */,
				9E8FDB542A8C28B100C2DAC6 /* AnalyticsTests */,
				9E8FDB6B2A8C2A5600C2DAC6 /* Observability */,
				9E8FDB792A8C2A5600C2DAC6 /* ObservabilityTests */,
				9E7DFA222A7D3D0E00D0C63B /* Products */,
			);
			sourceTree = "<group>";
		};
		9E7DFA222A7D3D0E00D0C63B /* Products */ = {
			isa = PBXGroup;
			children = (
				9E7DFA212A7D3D0E00D0C63B /* AppForUnitTesting.app */,
				9E7DFA372A7D3D1000D0C63B /* AppForUnitTestingTests.xctest */,
				9E7DFA412A7D3D1000D0C63B /* AppForUnitTestingUITests.xctest */,
				9E8FDB1D2A8C1CCC00C2DAC6 /* FeatureFlag.framework */,
				9E8FDB262A8C1CCC00C2DAC6 /* FeatureFlagTests.xctest */,
				9E8FDB452A8C28B100C2DAC6 /* Analytics.framework */,
				9E8FDB4E2A8C28B100C2DAC6 /* AnalyticsTests.xctest */,
				9E8FDB6A2A8C2A5600C2DAC6 /* Observability.framework */,
				9E8FDB732A8C2A5600C2DAC6 /* ObservabilityTests.xctest */,
			);
			name = Products;
			sourceTree = "<group>";
		};
		9E7DFA232A7D3D0E00D0C63B /* AppForUnitTesting */ = {
			isa = PBXGroup;
			children = (
				9E7DFA542A7D3FA100D0C63B /* Home */,
				9E7DFA242A7D3D0E00D0C63B /* AppDelegate.swift */,
				9E7DFA262A7D3D0E00D0C63B /* SceneDelegate.swift */,
				9E7DFA2D2A7D3D0F00D0C63B /* Assets.xcassets */,
				9E7DFA2F2A7D3D0F00D0C63B /* LaunchScreen.storyboard */,
				9E7DFA322A7D3D0F00D0C63B /* Info.plist */,
			);
			path = AppForUnitTesting;
			sourceTree = "<group>";
		};
		9E7DFA3A2A7D3D1000D0C63B /* AppForUnitTestingTests */ = {
			isa = PBXGroup;
			children = (
				9E1EBA632A8BC9C200A0859D /* Home */,
			);
			path = AppForUnitTestingTests;
			sourceTree = "<group>";
		};
		9E7DFA442A7D3D1000D0C63B /* AppForUnitTestingUITests */ = {
			isa = PBXGroup;
			children = (
				9E7DFA452A7D3D1000D0C63B /* AppForUnitTestingUITests.swift */,
				9E7DFA472A7D3D1000D0C63B /* AppForUnitTestingUITestsLaunchTests.swift */,
			);
			path = AppForUnitTestingUITests;
			sourceTree = "<group>";
		};
		9E7DFA542A7D3FA100D0C63B /* Home */ = {
			isa = PBXGroup;
			children = (
				9E7DFA282A7D3D0E00D0C63B /* HomeViewController.swift */,
				9E7DFA552A7D457100D0C63B /* HomeViewModel.swift */,
				9E7DFA572A7D473600D0C63B /* HomeService.swift */,
				9E1EBA612A8BC89000A0859D /* HomeFactory.swift */,
				9E8FDB3E2A8C23CC00C2DAC6 /* NewHomeService.swift */,
			);
			path = Home;
			sourceTree = "<group>";
		};
		9E8FDB1E2A8C1CCC00C2DAC6 /* FeatureFlag */ = {
			isa = PBXGroup;
			children = (
				9E8FDB3B2A8C1CD300C2DAC6 /* Source */,
				9E8FDB1F2A8C1CCC00C2DAC6 /* FeatureFlag.h */,
				9E8FDB202A8C1CCC00C2DAC6 /* FeatureFlag.docc */,
			);
			path = FeatureFlag;
			sourceTree = "<group>";
		};
		9E8FDB2C2A8C1CCC00C2DAC6 /* FeatureFlagTests */ = {
			isa = PBXGroup;
			children = (
				9E8FDB2D2A8C1CCC00C2DAC6 /* FeatureFlagTests.swift */,
			);
			path = FeatureFlagTests;
			sourceTree = "<group>";
		};
		9E8FDB3B2A8C1CD300C2DAC6 /* Source */ = {
			isa = PBXGroup;
			children = (
				9E8FDB3C2A8C1E0F00C2DAC6 /* FeatureFlagService.swift */,
			);
			path = Source;
			sourceTree = "<group>";
		};
		9E8FDB462A8C28B100C2DAC6 /* Analytics */ = {
			isa = PBXGroup;
			children = (
				9E8FDB622A8C28B800C2DAC6 /* Source */,
				9E8FDB472A8C28B100C2DAC6 /* Analytics.h */,
				9E8FDB482A8C28B100C2DAC6 /* Analytics.docc */,
			);
			path = Analytics;
			sourceTree = "<group>";
		};
		9E8FDB542A8C28B100C2DAC6 /* AnalyticsTests */ = {
			isa = PBXGroup;
			children = (
				9E8FDB552A8C28B100C2DAC6 /* AnalyticsTests.swift */,
			);
			path = AnalyticsTests;
			sourceTree = "<group>";
		};
		9E8FDB622A8C28B800C2DAC6 /* Source */ = {
			isa = PBXGroup;
			children = (
				9E8FDB632A8C28C600C2DAC6 /* Analytics.swift */,
			);
			path = Source;
			sourceTree = "<group>";
		};
		9E8FDB6B2A8C2A5600C2DAC6 /* Observability */ = {
			isa = PBXGroup;
			children = (
				9E8FDB872A8C2A5C00C2DAC6 /* Source */,
				9E8FDB6C2A8C2A5600C2DAC6 /* Observability.h */,
				9E8FDB6D2A8C2A5600C2DAC6 /* Observability.docc */,
			);
			path = Observability;
			sourceTree = "<group>";
		};
		9E8FDB792A8C2A5600C2DAC6 /* ObservabilityTests */ = {
			isa = PBXGroup;
			children = (
				9E8FDB7A2A8C2A5600C2DAC6 /* ObservabilityTests.swift */,
			);
			path = ObservabilityTests;
			sourceTree = "<group>";
		};
		9E8FDB872A8C2A5C00C2DAC6 /* Source */ = {
			isa = PBXGroup;
			children = (
				9E8FDB882A8C2A7C00C2DAC6 /* Observability.swift */,
			);
			path = Source;
			sourceTree = "<group>";
		};
/* End PBXGroup section */

/* Begin PBXHeadersBuildPhase section */
		9E8FDB182A8C1CCC00C2DAC6 /* Headers */ = {
			isa = PBXHeadersBuildPhase;
			buildActionMask = 2147483647;
			files = (
				9E8FDB2F2A8C1CCC00C2DAC6 /* FeatureFlag.h in Headers */,
			);
			runOnlyForDeploymentPostprocessing = 0;
		};
		9E8FDB402A8C28B100C2DAC6 /* Headers */ = {
			isa = PBXHeadersBuildPhase;
			buildActionMask = 2147483647;
			files = (
				9E8FDB572A8C28B100C2DAC6 /* Analytics.h in Headers */,
			);
			runOnlyForDeploymentPostprocessing = 0;
		};
		9E8FDB652A8C2A5600C2DAC6 /* Headers */ = {
			isa = PBXHeadersBuildPhase;
			buildActionMask = 2147483647;
			files = (
				9E8FDB7C2A8C2A5600C2DAC6 /* Observability.h in Headers */,
			);
			runOnlyForDeploymentPostprocessing = 0;
		};
/* End PBXHeadersBuildPhase section */

/* Begin PBXNativeTarget section */
		9E7DFA202A7D3D0E00D0C63B /* AppForUnitTesting */ = {
			isa = PBXNativeTarget;
			buildConfigurationList = 9E7DFA4B2A7D3D1000D0C63B /* Build configuration list for PBXNativeTarget "AppForUnitTesting" */;
			buildPhases = (
				9E7DFA1D2A7D3D0E00D0C63B /* Sources */,
				9E7DFA1E2A7D3D0E00D0C63B /* Frameworks */,
				9E7DFA1F2A7D3D0E00D0C63B /* Resources */,
				9E8FDB372A8C1CCC00C2DAC6 /* Embed Frameworks */,
			);
			buildRules = (
			);
			dependencies = (
				9E8FDB312A8C1CCC00C2DAC6 /* PBXTargetDependency */,
				9E8FDB592A8C28B100C2DAC6 /* PBXTargetDependency */,
				9E8FDB7E2A8C2A5600C2DAC6 /* PBXTargetDependency */,
			);
			name = AppForUnitTesting;
			productName = AppForUnitTesting;
			productReference = 9E7DFA212A7D3D0E00D0C63B /* AppForUnitTesting.app */;
			productType = "com.apple.product-type.application";
		};
		9E7DFA362A7D3D1000D0C63B /* AppForUnitTestingTests */ = {
			isa = PBXNativeTarget;
			buildConfigurationList = 9E7DFA4E2A7D3D1000D0C63B /* Build configuration list for PBXNativeTarget "AppForUnitTestingTests" */;
			buildPhases = (
				9E7DFA332A7D3D1000D0C63B /* Sources */,
				9E7DFA342A7D3D1000D0C63B /* Frameworks */,
				9E7DFA352A7D3D1000D0C63B /* Resources */,
			);
			buildRules = (
			);
			dependencies = (
				9E7DFA392A7D3D1000D0C63B /* PBXTargetDependency */,
			);
			name = AppForUnitTestingTests;
			productName = AppForUnitTestingTests;
			productReference = 9E7DFA372A7D3D1000D0C63B /* AppForUnitTestingTests.xctest */;
			productType = "com.apple.product-type.bundle.unit-test";
		};
		9E7DFA402A7D3D1000D0C63B /* AppForUnitTestingUITests */ = {
			isa = PBXNativeTarget;
			buildConfigurationList = 9E7DFA512A7D3D1000D0C63B /* Build configuration list for PBXNativeTarget "AppForUnitTestingUITests" */;
			buildPhases = (
				9E7DFA3D2A7D3D1000D0C63B /* Sources */,
				9E7DFA3E2A7D3D1000D0C63B /* Frameworks */,
				9E7DFA3F2A7D3D1000D0C63B /* Resources */,
			);
			buildRules = (
			);
			dependencies = (
				9E7DFA432A7D3D1000D0C63B /* PBXTargetDependency */,
			);
			name = AppForUnitTestingUITests;
			productName = AppForUnitTestingUITests;
			productReference = 9E7DFA412A7D3D1000D0C63B /* AppForUnitTestingUITests.xctest */;
			productType = "com.apple.product-type.bundle.ui-testing";
		};
		9E8FDB1C2A8C1CCC00C2DAC6 /* FeatureFlag */ = {
			isa = PBXNativeTarget;
			buildConfigurationList = 9E8FDB342A8C1CCC00C2DAC6 /* Build configuration list for PBXNativeTarget "FeatureFlag" */;
			buildPhases = (
				9E8FDB182A8C1CCC00C2DAC6 /* Headers */,
				9E8FDB192A8C1CCC00C2DAC6 /* Sources */,
				9E8FDB1A2A8C1CCC00C2DAC6 /* Frameworks */,
				9E8FDB1B2A8C1CCC00C2DAC6 /* Resources */,
			);
			buildRules = (
			);
			dependencies = (
			);
			name = FeatureFlag;
			productName = FeatureFlag;
			productReference = 9E8FDB1D2A8C1CCC00C2DAC6 /* FeatureFlag.framework */;
			productType = "com.apple.product-type.framework";
		};
		9E8FDB252A8C1CCC00C2DAC6 /* FeatureFlagTests */ = {
			isa = PBXNativeTarget;
			buildConfigurationList = 9E8FDB382A8C1CCC00C2DAC6 /* Build configuration list for PBXNativeTarget "FeatureFlagTests" */;
			buildPhases = (
				9E8FDB222A8C1CCC00C2DAC6 /* Sources */,
				9E8FDB232A8C1CCC00C2DAC6 /* Frameworks */,
				9E8FDB242A8C1CCC00C2DAC6 /* Resources */,
			);
			buildRules = (
			);
			dependencies = (
				9E8FDB292A8C1CCC00C2DAC6 /* PBXTargetDependency */,
				9E8FDB2B2A8C1CCC00C2DAC6 /* PBXTargetDependency */,
			);
			name = FeatureFlagTests;
			productName = FeatureFlagTests;
			productReference = 9E8FDB262A8C1CCC00C2DAC6 /* FeatureFlagTests.xctest */;
			productType = "com.apple.product-type.bundle.unit-test";
		};
		9E8FDB442A8C28B100C2DAC6 /* Analytics */ = {
			isa = PBXNativeTarget;
			buildConfigurationList = 9E8FDB5C2A8C28B100C2DAC6 /* Build configuration list for PBXNativeTarget "Analytics" */;
			buildPhases = (
				9E8FDB402A8C28B100C2DAC6 /* Headers */,
				9E8FDB412A8C28B100C2DAC6 /* Sources */,
				9E8FDB422A8C28B100C2DAC6 /* Frameworks */,
				9E8FDB432A8C28B100C2DAC6 /* Resources */,
			);
			buildRules = (
			);
			dependencies = (
			);
			name = Analytics;
			productName = Analytics;
			productReference = 9E8FDB452A8C28B100C2DAC6 /* Analytics.framework */;
			productType = "com.apple.product-type.framework";
		};
		9E8FDB4D2A8C28B100C2DAC6 /* AnalyticsTests */ = {
			isa = PBXNativeTarget;
			buildConfigurationList = 9E8FDB5F2A8C28B100C2DAC6 /* Build configuration list for PBXNativeTarget "AnalyticsTests" */;
			buildPhases = (
				9E8FDB4A2A8C28B100C2DAC6 /* Sources */,
				9E8FDB4B2A8C28B100C2DAC6 /* Frameworks */,
				9E8FDB4C2A8C28B100C2DAC6 /* Resources */,
			);
			buildRules = (
			);
			dependencies = (
				9E8FDB512A8C28B100C2DAC6 /* PBXTargetDependency */,
				9E8FDB532A8C28B100C2DAC6 /* PBXTargetDependency */,
			);
			name = AnalyticsTests;
			productName = AnalyticsTests;
			productReference = 9E8FDB4E2A8C28B100C2DAC6 /* AnalyticsTests.xctest */;
			productType = "com.apple.product-type.bundle.unit-test";
		};
		9E8FDB692A8C2A5600C2DAC6 /* Observability */ = {
			isa = PBXNativeTarget;
			buildConfigurationList = 9E8FDB812A8C2A5700C2DAC6 /* Build configuration list for PBXNativeTarget "Observability" */;
			buildPhases = (
				9E8FDB652A8C2A5600C2DAC6 /* Headers */,
				9E8FDB662A8C2A5600C2DAC6 /* Sources */,
				9E8FDB672A8C2A5600C2DAC6 /* Frameworks */,
				9E8FDB682A8C2A5600C2DAC6 /* Resources */,
			);
			buildRules = (
			);
			dependencies = (
			);
			name = Observability;
			productName = Observability;
			productReference = 9E8FDB6A2A8C2A5600C2DAC6 /* Observability.framework */;
			productType = "com.apple.product-type.framework";
		};
		9E8FDB722A8C2A5600C2DAC6 /* ObservabilityTests */ = {
			isa = PBXNativeTarget;
			buildConfigurationList = 9E8FDB842A8C2A5700C2DAC6 /* Build configuration list for PBXNativeTarget "ObservabilityTests" */;
			buildPhases = (
				9E8FDB6F2A8C2A5600C2DAC6 /* Sources */,
				9E8FDB702A8C2A5600C2DAC6 /* Frameworks */,
				9E8FDB712A8C2A5600C2DAC6 /* Resources */,
			);
			buildRules = (
			);
			dependencies = (
				9E8FDB762A8C2A5600C2DAC6 /* PBXTargetDependency */,
				9E8FDB782A8C2A5600C2DAC6 /* PBXTargetDependency */,
			);
			name = ObservabilityTests;
			productName = ObservabilityTests;
			productReference = 9E8FDB732A8C2A5600C2DAC6 /* ObservabilityTests.xctest */;
			productType = "com.apple.product-type.bundle.unit-test";
		};
/* End PBXNativeTarget section */

/* Begin PBXProject section */
		9E7DFA192A7D3D0E00D0C63B /* Project object */ = {
			isa = PBXProject;
			attributes = {
				BuildIndependentTargetsInParallel = 1;
				LastSwiftUpdateCheck = 1410;
				LastUpgradeCheck = 1410;
				TargetAttributes = {
					9E7DFA202A7D3D0E00D0C63B = {
						CreatedOnToolsVersion = 14.1;
					};
					9E7DFA362A7D3D1000D0C63B = {
						CreatedOnToolsVersion = 14.1;
						LastSwiftMigration = 1410;
						TestTargetID = 9E7DFA202A7D3D0E00D0C63B;
					};
					9E7DFA402A7D3D1000D0C63B = {
						CreatedOnToolsVersion = 14.1;
						TestTargetID = 9E7DFA202A7D3D0E00D0C63B;
					};
					9E8FDB1C2A8C1CCC00C2DAC6 = {
						CreatedOnToolsVersion = 14.1;
					};
					9E8FDB252A8C1CCC00C2DAC6 = {
						CreatedOnToolsVersion = 14.1;
						TestTargetID = 9E7DFA202A7D3D0E00D0C63B;
					};
					9E8FDB442A8C28B100C2DAC6 = {
						CreatedOnToolsVersion = 14.1;
					};
					9E8FDB4D2A8C28B100C2DAC6 = {
						CreatedOnToolsVersion = 14.1;
						TestTargetID = 9E7DFA202A7D3D0E00D0C63B;
					};
					9E8FDB692A8C2A5600C2DAC6 = {
						CreatedOnToolsVersion = 14.1;
					};
					9E8FDB722A8C2A5600C2DAC6 = {
						CreatedOnToolsVersion = 14.1;
						TestTargetID = 9E7DFA202A7D3D0E00D0C63B;
					};
				};
			};
			buildConfigurationList = 9E7DFA1C2A7D3D0E00D0C63B /* Build configuration list for PBXProject "AppForUnitTesting" */;
			compatibilityVersion = "Xcode 14.0";
			developmentRegion = en;
			hasScannedForEncodings = 0;
			knownRegions = (
				en,
				Base,
			);
			mainGroup = 9E7DFA182A7D3D0E00D0C63B;
			productRefGroup = 9E7DFA222A7D3D0E00D0C63B /* Products */;
			projectDirPath = "";
			projectRoot = "";
			targets = (
				9E7DFA202A7D3D0E00D0C63B /* AppForUnitTesting */,
				9E7DFA362A7D3D1000D0C63B /* AppForUnitTestingTests */,
				9E7DFA402A7D3D1000D0C63B /* AppForUnitTestingUITests */,
				9E8FDB1C2A8C1CCC00C2DAC6 /* FeatureFlag */,
				9E8FDB252A8C1CCC00C2DAC6 /* FeatureFlagTests */,
				9E8FDB442A8C28B100C2DAC6 /* Analytics */,
				9E8FDB4D2A8C28B100C2DAC6 /* AnalyticsTests */,
				9E8FDB692A8C2A5600C2DAC6 /* Observability */,
				9E8FDB722A8C2A5600C2DAC6 /* ObservabilityTests */,
			);
		};
/* End PBXProject section */

/* Begin PBXResourcesBuildPhase section */
		9E7DFA1F2A7D3D0E00D0C63B /* Resources */ = {
			isa = PBXResourcesBuildPhase;
			buildActionMask = 2147483647;
			files = (
				9E7DFA312A7D3D0F00D0C63B /* LaunchScreen.storyboard in Resources */,
				9E7DFA2E2A7D3D0F00D0C63B /* Assets.xcassets in Resources */,
			);
			runOnlyForDeploymentPostprocessing = 0;
		};
		9E7DFA352A7D3D1000D0C63B /* Resources */ = {
			isa = PBXResourcesBuildPhase;
			buildActionMask = 2147483647;
			files = (
			);
			runOnlyForDeploymentPostprocessing = 0;
		};
		9E7DFA3F2A7D3D1000D0C63B /* Resources */ = {
			isa = PBXResourcesBuildPhase;
			buildActionMask = 2147483647;
			files = (
			);
			runOnlyForDeploymentPostprocessing = 0;
		};
		9E8FDB1B2A8C1CCC00C2DAC6 /* Resources */ = {
			isa = PBXResourcesBuildPhase;
			buildActionMask = 2147483647;
			files = (
			);
			runOnlyForDeploymentPostprocessing = 0;
		};
		9E8FDB242A8C1CCC00C2DAC6 /* Resources */ = {
			isa = PBXResourcesBuildPhase;
			buildActionMask = 2147483647;
			files = (
			);
			runOnlyForDeploymentPostprocessing = 0;
		};
		9E8FDB432A8C28B100C2DAC6 /* Resources */ = {
			isa = PBXResourcesBuildPhase;
			buildActionMask = 2147483647;
			files = (
			);
			runOnlyForDeploymentPostprocessing = 0;
		};
		9E8FDB4C2A8C28B100C2DAC6 /* Resources */ = {
			isa = PBXResourcesBuildPhase;
			buildActionMask = 2147483647;
			files = (
			);
			runOnlyForDeploymentPostprocessing = 0;
		};
		9E8FDB682A8C2A5600C2DAC6 /* Resources */ = {
			isa = PBXResourcesBuildPhase;
			buildActionMask = 2147483647;
			files = (
			);
			runOnlyForDeploymentPostprocessing = 0;
		};
		9E8FDB712A8C2A5600C2DAC6 /* Resources */ = {
			isa = PBXResourcesBuildPhase;
			buildActionMask = 2147483647;
			files = (
			);
			runOnlyForDeploymentPostprocessing = 0;
		};
/* End PBXResourcesBuildPhase section */

/* Begin PBXSourcesBuildPhase section */
		9E7DFA1D2A7D3D0E00D0C63B /* Sources */ = {
			isa = PBXSourcesBuildPhase;
			buildActionMask = 2147483647;
			files = (
				9E7DFA292A7D3D0E00D0C63B /* HomeViewController.swift in Sources */,
				9E7DFA252A7D3D0E00D0C63B /* AppDelegate.swift in Sources */,
				9E7DFA272A7D3D0E00D0C63B /* SceneDelegate.swift in Sources */,
				9E8FDB3F2A8C23CC00C2DAC6 /* NewHomeService.swift in Sources */,
				9E7DFA562A7D457100D0C63B /* HomeViewModel.swift in Sources */,
				9E7DFA582A7D473600D0C63B /* HomeService.swift in Sources */,
				9E1EBA622A8BC89000A0859D /* HomeFactory.swift in Sources */,
			);
			runOnlyForDeploymentPostprocessing = 0;
		};
		9E7DFA332A7D3D1000D0C63B /* Sources */ = {
			isa = PBXSourcesBuildPhase;
			buildActionMask = 2147483647;
			files = (
				9E1EBA652A8BC9F000A0859D /* HomeViewModelTests.swift in Sources */,
			);
			runOnlyForDeploymentPostprocessing = 0;
		};
		9E7DFA3D2A7D3D1000D0C63B /* Sources */ = {
			isa = PBXSourcesBuildPhase;
			buildActionMask = 2147483647;
			files = (
				9E7DFA462A7D3D1000D0C63B /* AppForUnitTestingUITests.swift in Sources */,
				9E7DFA482A7D3D1000D0C63B /* AppForUnitTestingUITestsLaunchTests.swift in Sources */,
			);
			runOnlyForDeploymentPostprocessing = 0;
		};
		9E8FDB192A8C1CCC00C2DAC6 /* Sources */ = {
			isa = PBXSourcesBuildPhase;
			buildActionMask = 2147483647;
			files = (
				9E8FDB3D2A8C1E0F00C2DAC6 /* FeatureFlagService.swift in Sources */,
				9E8FDB212A8C1CCC00C2DAC6 /* FeatureFlag.docc in Sources */,
			);
			runOnlyForDeploymentPostprocessing = 0;
		};
		9E8FDB222A8C1CCC00C2DAC6 /* Sources */ = {
			isa = PBXSourcesBuildPhase;
			buildActionMask = 2147483647;
			files = (
				9E8FDB2E2A8C1CCC00C2DAC6 /* FeatureFlagTests.swift in Sources */,
			);
			runOnlyForDeploymentPostprocessing = 0;
		};
		9E8FDB412A8C28B100C2DAC6 /* Sources */ = {
			isa = PBXSourcesBuildPhase;
			buildActionMask = 2147483647;
			files = (
				9E8FDB642A8C28C600C2DAC6 /* Analytics.swift in Sources */,
				9E8FDB492A8C28B100C2DAC6 /* Analytics.docc in Sources */,
			);
			runOnlyForDeploymentPostprocessing = 0;
		};
		9E8FDB4A2A8C28B100C2DAC6 /* Sources */ = {
			isa = PBXSourcesBuildPhase;
			buildActionMask = 2147483647;
			files = (
				9E8FDB562A8C28B100C2DAC6 /* AnalyticsTests.swift in Sources */,
			);
			runOnlyForDeploymentPostprocessing = 0;
		};
		9E8FDB662A8C2A5600C2DAC6 /* Sources */ = {
			isa = PBXSourcesBuildPhase;
			buildActionMask = 2147483647;
			files = (
				9E8FDB6E2A8C2A5600C2DAC6 /* Observability.docc in Sources */,
				9E8FDB892A8C2A7C00C2DAC6 /* Observability.swift in Sources */,
			);
			runOnlyForDeploymentPostprocessing = 0;
		};
		9E8FDB6F2A8C2A5600C2DAC6 /* Sources */ = {
			isa = PBXSourcesBuildPhase;
			buildActionMask = 2147483647;
			files = (
				9E8FDB7B2A8C2A5600C2DAC6 /* ObservabilityTests.swift in Sources */,
			);
			runOnlyForDeploymentPostprocessing = 0;
		};
/* End PBXSourcesBuildPhase section */

/* Begin PBXTargetDependency section */
		9E7DFA392A7D3D1000D0C63B /* PBXTargetDependency */ = {
			isa = PBXTargetDependency;
			target = 9E7DFA202A7D3D0E00D0C63B /* AppForUnitTesting */;
			targetProxy = 9E7DFA382A7D3D1000D0C63B /* PBXContainerItemProxy */;
		};
		9E7DFA432A7D3D1000D0C63B /* PBXTargetDependency */ = {
			isa = PBXTargetDependency;
			target = 9E7DFA202A7D3D0E00D0C63B /* AppForUnitTesting */;
			targetProxy = 9E7DFA422A7D3D1000D0C63B /* PBXContainerItemProxy */;
		};
		9E8FDB292A8C1CCC00C2DAC6 /* PBXTargetDependency */ = {
			isa = PBXTargetDependency;
			target = 9E8FDB1C2A8C1CCC00C2DAC6 /* FeatureFlag */;
			targetProxy = 9E8FDB282A8C1CCC00C2DAC6 /* PBXContainerItemProxy */;
		};
		9E8FDB2B2A8C1CCC00C2DAC6 /* PBXTargetDependency */ = {
			isa = PBXTargetDependency;
			target = 9E7DFA202A7D3D0E00D0C63B /* AppForUnitTesting */;
			targetProxy = 9E8FDB2A2A8C1CCC00C2DAC6 /* PBXContainerItemProxy */;
		};
		9E8FDB312A8C1CCC00C2DAC6 /* PBXTargetDependency */ = {
			isa = PBXTargetDependency;
			target = 9E8FDB1C2A8C1CCC00C2DAC6 /* FeatureFlag */;
			targetProxy = 9E8FDB302A8C1CCC00C2DAC6 /* PBXContainerItemProxy */;
		};
		9E8FDB512A8C28B100C2DAC6 /* PBXTargetDependency */ = {
			isa = PBXTargetDependency;
			target = 9E8FDB442A8C28B100C2DAC6 /* Analytics */;
			targetProxy = 9E8FDB502A8C28B100C2DAC6 /* PBXContainerItemProxy */;
		};
		9E8FDB532A8C28B100C2DAC6 /* PBXTargetDependency */ = {
			isa = PBXTargetDependency;
			target = 9E7DFA202A7D3D0E00D0C63B /* AppForUnitTesting */;
			targetProxy = 9E8FDB522A8C28B100C2DAC6 /* PBXContainerItemProxy */;
		};
		9E8FDB592A8C28B100C2DAC6 /* PBXTargetDependency */ = {
			isa = PBXTargetDependency;
			target = 9E8FDB442A8C28B100C2DAC6 /* Analytics */;
			targetProxy = 9E8FDB582A8C28B100C2DAC6 /* PBXContainerItemProxy */;
		};
		9E8FDB762A8C2A5600C2DAC6 /* PBXTargetDependency */ = {
			isa = PBXTargetDependency;
			target = 9E8FDB692A8C2A5600C2DAC6 /* Observability */;
			targetProxy = 9E8FDB752A8C2A5600C2DAC6 /* PBXContainerItemProxy */;
		};
		9E8FDB782A8C2A5600C2DAC6 /* PBXTargetDependency */ = {
			isa = PBXTargetDependency;
			target = 9E7DFA202A7D3D0E00D0C63B /* AppForUnitTesting */;
			targetProxy = 9E8FDB772A8C2A5600C2DAC6 /* PBXContainerItemProxy */;
		};
		9E8FDB7E2A8C2A5600C2DAC6 /* PBXTargetDependency */ = {
			isa = PBXTargetDependency;
			target = 9E8FDB692A8C2A5600C2DAC6 /* Observability */;
			targetProxy = 9E8FDB7D2A8C2A5600C2DAC6 /* PBXContainerItemProxy */;
		};
/* End PBXTargetDependency section */

/* Begin PBXVariantGroup section */
		9E7DFA2F2A7D3D0F00D0C63B /* LaunchScreen.storyboard */ = {
			isa = PBXVariantGroup;
			children = (
				9E7DFA302A7D3D0F00D0C63B /* Base */,
			);
			name = LaunchScreen.storyboard;
			sourceTree = "<group>";
		};
/* End PBXVariantGroup section */

/* Begin XCBuildConfiguration section */
		9E7DFA492A7D3D1000D0C63B /* Debug */ = {
			isa = XCBuildConfiguration;
			buildSettings = {
				ALWAYS_SEARCH_USER_PATHS = NO;
				CLANG_ANALYZER_NONNULL = YES;
				CLANG_ANALYZER_NUMBER_OBJECT_CONVERSION = YES_AGGRESSIVE;
				CLANG_CXX_LANGUAGE_STANDARD = "gnu++20";
				CLANG_ENABLE_MODULES = YES;
				CLANG_ENABLE_OBJC_ARC = YES;
				CLANG_ENABLE_OBJC_WEAK = YES;
				CLANG_WARN_BLOCK_CAPTURE_AUTORELEASING = YES;
				CLANG_WARN_BOOL_CONVERSION = YES;
				CLANG_WARN_COMMA = YES;
				CLANG_WARN_CONSTANT_CONVERSION = YES;
				CLANG_WARN_DEPRECATED_OBJC_IMPLEMENTATIONS = YES;
				CLANG_WARN_DIRECT_OBJC_ISA_USAGE = YES_ERROR;
				CLANG_WARN_DOCUMENTATION_COMMENTS = YES;
				CLANG_WARN_EMPTY_BODY = YES;
				CLANG_WARN_ENUM_CONVERSION = YES;
				CLANG_WARN_INFINITE_RECURSION = YES;
				CLANG_WARN_INT_CONVERSION = YES;
				CLANG_WARN_NON_LITERAL_NULL_CONVERSION = YES;
				CLANG_WARN_OBJC_IMPLICIT_RETAIN_SELF = YES;
				CLANG_WARN_OBJC_LITERAL_CONVERSION = YES;
				CLANG_WARN_OBJC_ROOT_CLASS = YES_ERROR;
				CLANG_WARN_QUOTED_INCLUDE_IN_FRAMEWORK_HEADER = YES;
				CLANG_WARN_RANGE_LOOP_ANALYSIS = YES;
				CLANG_WARN_STRICT_PROTOTYPES = YES;
				CLANG_WARN_SUSPICIOUS_MOVE = YES;
				CLANG_WARN_UNGUARDED_AVAILABILITY = YES_AGGRESSIVE;
				CLANG_WARN_UNREACHABLE_CODE = YES;
				CLANG_WARN__DUPLICATE_METHOD_MATCH = YES;
				COPY_PHASE_STRIP = NO;
				DEBUG_INFORMATION_FORMAT = dwarf;
				ENABLE_STRICT_OBJC_MSGSEND = YES;
				ENABLE_TESTABILITY = YES;
				GCC_C_LANGUAGE_STANDARD = gnu11;
				GCC_DYNAMIC_NO_PIC = NO;
				GCC_NO_COMMON_BLOCKS = YES;
				GCC_OPTIMIZATION_LEVEL = 0;
				GCC_PREPROCESSOR_DEFINITIONS = (
					"DEBUG=1",
					"$(inherited)",
				);
				GCC_WARN_64_TO_32_BIT_CONVERSION = YES;
				GCC_WARN_ABOUT_RETURN_TYPE = YES_ERROR;
				GCC_WARN_UNDECLARED_SELECTOR = YES;
				GCC_WARN_UNINITIALIZED_AUTOS = YES_AGGRESSIVE;
				GCC_WARN_UNUSED_FUNCTION = YES;
				GCC_WARN_UNUSED_VARIABLE = YES;
				IPHONEOS_DEPLOYMENT_TARGET = 16.1;
				MTL_ENABLE_DEBUG_INFO = INCLUDE_SOURCE;
				MTL_FAST_MATH = YES;
				ONLY_ACTIVE_ARCH = YES;
				SDKROOT = iphoneos;
				SWIFT_ACTIVE_COMPILATION_CONDITIONS = DEBUG;
				SWIFT_OPTIMIZATION_LEVEL = "-Onone";
			};
			name = Debug;
		};
		9E7DFA4A2A7D3D1000D0C63B /* Release */ = {
			isa = XCBuildConfiguration;
			buildSettings = {
				ALWAYS_SEARCH_USER_PATHS = NO;
				CLANG_ANALYZER_NONNULL = YES;
				CLANG_ANALYZER_NUMBER_OBJECT_CONVERSION = YES_AGGRESSIVE;
				CLANG_CXX_LANGUAGE_STANDARD = "gnu++20";
				CLANG_ENABLE_MODULES = YES;
				CLANG_ENABLE_OBJC_ARC = YES;
				CLANG_ENABLE_OBJC_WEAK = YES;
				CLANG_WARN_BLOCK_CAPTURE_AUTORELEASING = YES;
				CLANG_WARN_BOOL_CONVERSION = YES;
				CLANG_WARN_COMMA = YES;
				CLANG_WARN_CONSTANT_CONVERSION = YES;
				CLANG_WARN_DEPRECATED_OBJC_IMPLEMENTATIONS = YES;
				CLANG_WARN_DIRECT_OBJC_ISA_USAGE = YES_ERROR;
				CLANG_WARN_DOCUMENTATION_COMMENTS = YES;
				CLANG_WARN_EMPTY_BODY = YES;
				CLANG_WARN_ENUM_CONVERSION = YES;
				CLANG_WARN_INFINITE_RECURSION = YES;
				CLANG_WARN_INT_CONVERSION = YES;
				CLANG_WARN_NON_LITERAL_NULL_CONVERSION = YES;
				CLANG_WARN_OBJC_IMPLICIT_RETAIN_SELF = YES;
				CLANG_WARN_OBJC_LITERAL_CONVERSION = YES;
				CLANG_WARN_OBJC_ROOT_CLASS = YES_ERROR;
				CLANG_WARN_QUOTED_INCLUDE_IN_FRAMEWORK_HEADER = YES;
				CLANG_WARN_RANGE_LOOP_ANALYSIS = YES;
				CLANG_WARN_STRICT_PROTOTYPES = YES;
				CLANG_WARN_SUSPICIOUS_MOVE = YES;
				CLANG_WARN_UNGUARDED_AVAILABILITY = YES_AGGRESSIVE;
				CLANG_WARN_UNREACHABLE_CODE = YES;
				CLANG_WARN__DUPLICATE_METHOD_MATCH = YES;
				COPY_PHASE_STRIP = NO;
				DEBUG_INFORMATION_FORMAT = "dwarf-with-dsym";
				ENABLE_NS_ASSERTIONS = NO;
				ENABLE_STRICT_OBJC_MSGSEND = YES;
				GCC_C_LANGUAGE_STANDARD = gnu11;
				GCC_NO_COMMON_BLOCKS = YES;
				GCC_WARN_64_TO_32_BIT_CONVERSION = YES;
				GCC_WARN_ABOUT_RETURN_TYPE = YES_ERROR;
				GCC_WARN_UNDECLARED_SELECTOR = YES;
				GCC_WARN_UNINITIALIZED_AUTOS = YES_AGGRESSIVE;
				GCC_WARN_UNUSED_FUNCTION = YES;
				GCC_WARN_UNUSED_VARIABLE = YES;
				IPHONEOS_DEPLOYMENT_TARGET = 16.1;
				MTL_ENABLE_DEBUG_INFO = NO;
				MTL_FAST_MATH = YES;
				SDKROOT = iphoneos;
				SWIFT_COMPILATION_MODE = wholemodule;
				SWIFT_OPTIMIZATION_LEVEL = "-O";
				VALIDATE_PRODUCT = YES;
			};
			name = Release;
		};
		9E7DFA4C2A7D3D1000D0C63B /* Debug */ = {
			isa = XCBuildConfiguration;
			buildSettings = {
				ALWAYS_EMBED_SWIFT_STANDARD_LIBRARIES = YES;
				ASSETCATALOG_COMPILER_APPICON_NAME = AppIcon;
				ASSETCATALOG_COMPILER_GLOBAL_ACCENT_COLOR_NAME = AccentColor;
				CODE_SIGN_STYLE = Automatic;
				CURRENT_PROJECT_VERSION = 1;
				GENERATE_INFOPLIST_FILE = YES;
				INFOPLIST_FILE = AppForUnitTesting/Info.plist;
				INFOPLIST_KEY_UIApplicationSupportsIndirectInputEvents = YES;
				INFOPLIST_KEY_UILaunchStoryboardName = LaunchScreen;
				INFOPLIST_KEY_UISupportedInterfaceOrientations_iPad = "UIInterfaceOrientationPortrait UIInterfaceOrientationPortraitUpsideDown UIInterfaceOrientationLandscapeLeft UIInterfaceOrientationLandscapeRight";
				INFOPLIST_KEY_UISupportedInterfaceOrientations_iPhone = "UIInterfaceOrientationPortrait UIInterfaceOrientationLandscapeLeft UIInterfaceOrientationLandscapeRight";
				LD_RUNPATH_SEARCH_PATHS = (
					"$(inherited)",
					"@executable_path/Frameworks",
				);
				MARKETING_VERSION = 1.0;
				PRODUCT_BUNDLE_IDENTIFIER = com.unittests.AppForUnitTesting;
				PRODUCT_NAME = "$(TARGET_NAME)";
				SWIFT_EMIT_LOC_STRINGS = YES;
				SWIFT_VERSION = 5.0;
				TARGETED_DEVICE_FAMILY = "1,2";
			};
			name = Debug;
		};
		9E7DFA4D2A7D3D1000D0C63B /* Release */ = {
			isa = XCBuildConfiguration;
			buildSettings = {
				ALWAYS_EMBED_SWIFT_STANDARD_LIBRARIES = YES;
				ASSETCATALOG_COMPILER_APPICON_NAME = AppIcon;
				ASSETCATALOG_COMPILER_GLOBAL_ACCENT_COLOR_NAME = AccentColor;
				CODE_SIGN_STYLE = Automatic;
				CURRENT_PROJECT_VERSION = 1;
				GENERATE_INFOPLIST_FILE = YES;
				INFOPLIST_FILE = AppForUnitTesting/Info.plist;
				INFOPLIST_KEY_UIApplicationSupportsIndirectInputEvents = YES;
				INFOPLIST_KEY_UILaunchStoryboardName = LaunchScreen;
				INFOPLIST_KEY_UISupportedInterfaceOrientations_iPad = "UIInterfaceOrientationPortrait UIInterfaceOrientationPortraitUpsideDown UIInterfaceOrientationLandscapeLeft UIInterfaceOrientationLandscapeRight";
				INFOPLIST_KEY_UISupportedInterfaceOrientations_iPhone = "UIInterfaceOrientationPortrait UIInterfaceOrientationLandscapeLeft UIInterfaceOrientationLandscapeRight";
				LD_RUNPATH_SEARCH_PATHS = (
					"$(inherited)",
					"@executable_path/Frameworks",
				);
				MARKETING_VERSION = 1.0;
				PRODUCT_BUNDLE_IDENTIFIER = com.unittests.AppForUnitTesting;
				PRODUCT_NAME = "$(TARGET_NAME)";
				SWIFT_EMIT_LOC_STRINGS = YES;
				SWIFT_VERSION = 5.0;
				TARGETED_DEVICE_FAMILY = "1,2";
			};
			name = Release;
		};
		9E7DFA4F2A7D3D1000D0C63B /* Debug */ = {
			isa = XCBuildConfiguration;
			buildSettings = {
				ALWAYS_EMBED_SWIFT_STANDARD_LIBRARIES = YES;
				BUNDLE_LOADER = "$(TEST_HOST)";
				CLANG_ENABLE_MODULES = YES;
				CODE_SIGN_STYLE = Automatic;
				CURRENT_PROJECT_VERSION = 1;
				GENERATE_INFOPLIST_FILE = YES;
				IPHONEOS_DEPLOYMENT_TARGET = 16.1;
				LD_RUNPATH_SEARCH_PATHS = (
					"$(inherited)",
					"@executable_path/Frameworks",
					"@loader_path/Frameworks",
				);
				MARKETING_VERSION = 1.0;
				PRODUCT_BUNDLE_IDENTIFIER = com.unittests.AppForUnitTestingTests;
				PRODUCT_NAME = "$(TARGET_NAME)";
				SWIFT_EMIT_LOC_STRINGS = NO;
				SWIFT_OPTIMIZATION_LEVEL = "-Onone";
				SWIFT_VERSION = 5.0;
				TARGETED_DEVICE_FAMILY = "1,2";
				TEST_HOST = "$(BUILT_PRODUCTS_DIR)/AppForUnitTesting.app/$(BUNDLE_EXECUTABLE_FOLDER_PATH)/AppForUnitTesting";
			};
			name = Debug;
		};
		9E7DFA502A7D3D1000D0C63B /* Release */ = {
			isa = XCBuildConfiguration;
			buildSettings = {
				ALWAYS_EMBED_SWIFT_STANDARD_LIBRARIES = YES;
				BUNDLE_LOADER = "$(TEST_HOST)";
				CLANG_ENABLE_MODULES = YES;
				CODE_SIGN_STYLE = Automatic;
				CURRENT_PROJECT_VERSION = 1;
				GENERATE_INFOPLIST_FILE = YES;
				IPHONEOS_DEPLOYMENT_TARGET = 16.1;
				LD_RUNPATH_SEARCH_PATHS = (
					"$(inherited)",
					"@executable_path/Frameworks",
					"@loader_path/Frameworks",
				);
				MARKETING_VERSION = 1.0;
				PRODUCT_BUNDLE_IDENTIFIER = com.unittests.AppForUnitTestingTests;
				PRODUCT_NAME = "$(TARGET_NAME)";
				SWIFT_EMIT_LOC_STRINGS = NO;
				SWIFT_VERSION = 5.0;
				TARGETED_DEVICE_FAMILY = "1,2";
				TEST_HOST = "$(BUILT_PRODUCTS_DIR)/AppForUnitTesting.app/$(BUNDLE_EXECUTABLE_FOLDER_PATH)/AppForUnitTesting";
			};
			name = Release;
		};
		9E7DFA522A7D3D1000D0C63B /* Debug */ = {
			isa = XCBuildConfiguration;
			buildSettings = {
				ALWAYS_EMBED_SWIFT_STANDARD_LIBRARIES = YES;
				CODE_SIGN_STYLE = Automatic;
				CURRENT_PROJECT_VERSION = 1;
				GENERATE_INFOPLIST_FILE = YES;
				MARKETING_VERSION = 1.0;
				PRODUCT_BUNDLE_IDENTIFIER = com.unittests.AppForUnitTestingUITests;
				PRODUCT_NAME = "$(TARGET_NAME)";
				SWIFT_EMIT_LOC_STRINGS = NO;
				SWIFT_VERSION = 5.0;
				TARGETED_DEVICE_FAMILY = "1,2";
				TEST_TARGET_NAME = AppForUnitTesting;
			};
			name = Debug;
		};
		9E7DFA532A7D3D1000D0C63B /* Release */ = {
			isa = XCBuildConfiguration;
			buildSettings = {
				ALWAYS_EMBED_SWIFT_STANDARD_LIBRARIES = YES;
				CODE_SIGN_STYLE = Automatic;
				CURRENT_PROJECT_VERSION = 1;
				GENERATE_INFOPLIST_FILE = YES;
				MARKETING_VERSION = 1.0;
				PRODUCT_BUNDLE_IDENTIFIER = com.unittests.AppForUnitTestingUITests;
				PRODUCT_NAME = "$(TARGET_NAME)";
				SWIFT_EMIT_LOC_STRINGS = NO;
				SWIFT_VERSION = 5.0;
				TARGETED_DEVICE_FAMILY = "1,2";
				TEST_TARGET_NAME = AppForUnitTesting;
			};
			name = Release;
		};
		9E8FDB352A8C1CCC00C2DAC6 /* Debug */ = {
			isa = XCBuildConfiguration;
			buildSettings = {
				CODE_SIGN_STYLE = Automatic;
				CURRENT_PROJECT_VERSION = 1;
				DEFINES_MODULE = YES;
				DYLIB_COMPATIBILITY_VERSION = 1;
				DYLIB_CURRENT_VERSION = 1;
				DYLIB_INSTALL_NAME_BASE = "@rpath";
				GENERATE_INFOPLIST_FILE = YES;
				INFOPLIST_KEY_NSHumanReadableCopyright = "";
				INSTALL_PATH = "$(LOCAL_LIBRARY_DIR)/Frameworks";
				LD_RUNPATH_SEARCH_PATHS = (
					"$(inherited)",
					"@executable_path/Frameworks",
					"@loader_path/Frameworks",
				);
				MARKETING_VERSION = 1.0;
				PRODUCT_BUNDLE_IDENTIFIER = com.unittests.FeatureFlag;
				PRODUCT_NAME = "$(TARGET_NAME:c99extidentifier)";
				SKIP_INSTALL = YES;
				SWIFT_EMIT_LOC_STRINGS = YES;
				SWIFT_VERSION = 5.0;
				TARGETED_DEVICE_FAMILY = "1,2";
				VERSIONING_SYSTEM = "apple-generic";
				VERSION_INFO_PREFIX = "";
			};
			name = Debug;
		};
		9E8FDB362A8C1CCC00C2DAC6 /* Release */ = {
			isa = XCBuildConfiguration;
			buildSettings = {
				CODE_SIGN_STYLE = Automatic;
				CURRENT_PROJECT_VERSION = 1;
				DEFINES_MODULE = YES;
				DYLIB_COMPATIBILITY_VERSION = 1;
				DYLIB_CURRENT_VERSION = 1;
				DYLIB_INSTALL_NAME_BASE = "@rpath";
				GENERATE_INFOPLIST_FILE = YES;
				INFOPLIST_KEY_NSHumanReadableCopyright = "";
				INSTALL_PATH = "$(LOCAL_LIBRARY_DIR)/Frameworks";
				LD_RUNPATH_SEARCH_PATHS = (
					"$(inherited)",
					"@executable_path/Frameworks",
					"@loader_path/Frameworks",
				);
				MARKETING_VERSION = 1.0;
				PRODUCT_BUNDLE_IDENTIFIER = com.unittests.FeatureFlag;
				PRODUCT_NAME = "$(TARGET_NAME:c99extidentifier)";
				SKIP_INSTALL = YES;
				SWIFT_EMIT_LOC_STRINGS = YES;
				SWIFT_VERSION = 5.0;
				TARGETED_DEVICE_FAMILY = "1,2";
				VERSIONING_SYSTEM = "apple-generic";
				VERSION_INFO_PREFIX = "";
			};
			name = Release;
		};
		9E8FDB392A8C1CCC00C2DAC6 /* Debug */ = {
			isa = XCBuildConfiguration;
			buildSettings = {
				ALWAYS_EMBED_SWIFT_STANDARD_LIBRARIES = YES;
				CODE_SIGN_STYLE = Automatic;
				CURRENT_PROJECT_VERSION = 1;
				GENERATE_INFOPLIST_FILE = YES;
				MARKETING_VERSION = 1.0;
				PRODUCT_BUNDLE_IDENTIFIER = com.unittests.FeatureFlagTests;
				PRODUCT_NAME = "$(TARGET_NAME)";
				SWIFT_EMIT_LOC_STRINGS = NO;
				SWIFT_VERSION = 5.0;
				TARGETED_DEVICE_FAMILY = "1,2";
				TEST_HOST = "$(BUILT_PRODUCTS_DIR)/AppForUnitTesting.app/$(BUNDLE_EXECUTABLE_FOLDER_PATH)/AppForUnitTesting";
			};
			name = Debug;
		};
		9E8FDB3A2A8C1CCC00C2DAC6 /* Release */ = {
			isa = XCBuildConfiguration;
			buildSettings = {
				ALWAYS_EMBED_SWIFT_STANDARD_LIBRARIES = YES;
				CODE_SIGN_STYLE = Automatic;
				CURRENT_PROJECT_VERSION = 1;
				GENERATE_INFOPLIST_FILE = YES;
				MARKETING_VERSION = 1.0;
				PRODUCT_BUNDLE_IDENTIFIER = com.unittests.FeatureFlagTests;
				PRODUCT_NAME = "$(TARGET_NAME)";
				SWIFT_EMIT_LOC_STRINGS = NO;
				SWIFT_VERSION = 5.0;
				TARGETED_DEVICE_FAMILY = "1,2";
				TEST_HOST = "$(BUILT_PRODUCTS_DIR)/AppForUnitTesting.app/$(BUNDLE_EXECUTABLE_FOLDER_PATH)/AppForUnitTesting";
			};
			name = Release;
		};
		9E8FDB5D2A8C28B100C2DAC6 /* Debug */ = {
			isa = XCBuildConfiguration;
			buildSettings = {
				CODE_SIGN_STYLE = Automatic;
				CURRENT_PROJECT_VERSION = 1;
				DEFINES_MODULE = YES;
				DYLIB_COMPATIBILITY_VERSION = 1;
				DYLIB_CURRENT_VERSION = 1;
				DYLIB_INSTALL_NAME_BASE = "@rpath";
				GENERATE_INFOPLIST_FILE = YES;
				INFOPLIST_KEY_NSHumanReadableCopyright = "";
				INSTALL_PATH = "$(LOCAL_LIBRARY_DIR)/Frameworks";
				LD_RUNPATH_SEARCH_PATHS = (
					"$(inherited)",
					"@executable_path/Frameworks",
					"@loader_path/Frameworks",
				);
				MARKETING_VERSION = 1.0;
				PRODUCT_BUNDLE_IDENTIFIER = com.unittests.Analytics;
				PRODUCT_NAME = "$(TARGET_NAME:c99extidentifier)";
				SKIP_INSTALL = YES;
				SWIFT_EMIT_LOC_STRINGS = YES;
				SWIFT_VERSION = 5.0;
				TARGETED_DEVICE_FAMILY = "1,2";
				VERSIONING_SYSTEM = "apple-generic";
				VERSION_INFO_PREFIX = "";
			};
			name = Debug;
		};
		9E8FDB5E2A8C28B100C2DAC6 /* Release */ = {
			isa = XCBuildConfiguration;
			buildSettings = {
				CODE_SIGN_STYLE = Automatic;
				CURRENT_PROJECT_VERSION = 1;
				DEFINES_MODULE = YES;
				DYLIB_COMPATIBILITY_VERSION = 1;
				DYLIB_CURRENT_VERSION = 1;
				DYLIB_INSTALL_NAME_BASE = "@rpath";
				GENERATE_INFOPLIST_FILE = YES;
				INFOPLIST_KEY_NSHumanReadableCopyright = "";
				INSTALL_PATH = "$(LOCAL_LIBRARY_DIR)/Frameworks";
				LD_RUNPATH_SEARCH_PATHS = (
					"$(inherited)",
					"@executable_path/Frameworks",
					"@loader_path/Frameworks",
				);
				MARKETING_VERSION = 1.0;
				PRODUCT_BUNDLE_IDENTIFIER = com.unittests.Analytics;
				PRODUCT_NAME = "$(TARGET_NAME:c99extidentifier)";
				SKIP_INSTALL = YES;
				SWIFT_EMIT_LOC_STRINGS = YES;
				SWIFT_VERSION = 5.0;
				TARGETED_DEVICE_FAMILY = "1,2";
				VERSIONING_SYSTEM = "apple-generic";
				VERSION_INFO_PREFIX = "";
			};
			name = Release;
		};
		9E8FDB602A8C28B100C2DAC6 /* Debug */ = {
			isa = XCBuildConfiguration;
			buildSettings = {
				ALWAYS_EMBED_SWIFT_STANDARD_LIBRARIES = YES;
				CODE_SIGN_STYLE = Automatic;
				CURRENT_PROJECT_VERSION = 1;
				GENERATE_INFOPLIST_FILE = YES;
				MARKETING_VERSION = 1.0;
				PRODUCT_BUNDLE_IDENTIFIER = com.unittests.AnalyticsTests;
				PRODUCT_NAME = "$(TARGET_NAME)";
				SWIFT_EMIT_LOC_STRINGS = NO;
				SWIFT_VERSION = 5.0;
				TARGETED_DEVICE_FAMILY = "1,2";
				TEST_HOST = "$(BUILT_PRODUCTS_DIR)/AppForUnitTesting.app/$(BUNDLE_EXECUTABLE_FOLDER_PATH)/AppForUnitTesting";
			};
			name = Debug;
		};
		9E8FDB612A8C28B100C2DAC6 /* Release */ = {
			isa = XCBuildConfiguration;
			buildSettings = {
				ALWAYS_EMBED_SWIFT_STANDARD_LIBRARIES = YES;
				CODE_SIGN_STYLE = Automatic;
				CURRENT_PROJECT_VERSION = 1;
				GENERATE_INFOPLIST_FILE = YES;
				MARKETING_VERSION = 1.0;
				PRODUCT_BUNDLE_IDENTIFIER = com.unittests.AnalyticsTests;
				PRODUCT_NAME = "$(TARGET_NAME)";
				SWIFT_EMIT_LOC_STRINGS = NO;
				SWIFT_VERSION = 5.0;
				TARGETED_DEVICE_FAMILY = "1,2";
				TEST_HOST = "$(BUILT_PRODUCTS_DIR)/AppForUnitTesting.app/$(BUNDLE_EXECUTABLE_FOLDER_PATH)/AppForUnitTesting";
			};
			name = Release;
		};
		9E8FDB822A8C2A5700C2DAC6 /* Debug */ = {
			isa = XCBuildConfiguration;
			buildSettings = {
				CODE_SIGN_STYLE = Automatic;
				CURRENT_PROJECT_VERSION = 1;
				DEFINES_MODULE = YES;
				DYLIB_COMPATIBILITY_VERSION = 1;
				DYLIB_CURRENT_VERSION = 1;
				DYLIB_INSTALL_NAME_BASE = "@rpath";
				GENERATE_INFOPLIST_FILE = YES;
				INFOPLIST_KEY_NSHumanReadableCopyright = "";
				INSTALL_PATH = "$(LOCAL_LIBRARY_DIR)/Frameworks";
				LD_RUNPATH_SEARCH_PATHS = (
					"$(inherited)",
					"@executable_path/Frameworks",
					"@loader_path/Frameworks",
				);
				MARKETING_VERSION = 1.0;
				PRODUCT_BUNDLE_IDENTIFIER = com.unittests.Observability;
				PRODUCT_NAME = "$(TARGET_NAME:c99extidentifier)";
				SKIP_INSTALL = YES;
				SWIFT_EMIT_LOC_STRINGS = YES;
				SWIFT_VERSION = 5.0;
				TARGETED_DEVICE_FAMILY = "1,2";
				VERSIONING_SYSTEM = "apple-generic";
				VERSION_INFO_PREFIX = "";
			};
			name = Debug;
		};
		9E8FDB832A8C2A5700C2DAC6 /* Release */ = {
			isa = XCBuildConfiguration;
			buildSettings = {
				CODE_SIGN_STYLE = Automatic;
				CURRENT_PROJECT_VERSION = 1;
				DEFINES_MODULE = YES;
				DYLIB_COMPATIBILITY_VERSION = 1;
				DYLIB_CURRENT_VERSION = 1;
				DYLIB_INSTALL_NAME_BASE = "@rpath";
				GENERATE_INFOPLIST_FILE = YES;
				INFOPLIST_KEY_NSHumanReadableCopyright = "";
				INSTALL_PATH = "$(LOCAL_LIBRARY_DIR)/Frameworks";
				LD_RUNPATH_SEARCH_PATHS = (
					"$(inherited)",
					"@executable_path/Frameworks",
					"@loader_path/Frameworks",
				);
				MARKETING_VERSION = 1.0;
				PRODUCT_BUNDLE_IDENTIFIER = com.unittests.Observability;
				PRODUCT_NAME = "$(TARGET_NAME:c99extidentifier)";
				SKIP_INSTALL = YES;
				SWIFT_EMIT_LOC_STRINGS = YES;
				SWIFT_VERSION = 5.0;
				TARGETED_DEVICE_FAMILY = "1,2";
				VERSIONING_SYSTEM = "apple-generic";
				VERSION_INFO_PREFIX = "";
			};
			name = Release;
		};
		9E8FDB852A8C2A5700C2DAC6 /* Debug */ = {
			isa = XCBuildConfiguration;
			buildSettings = {
				ALWAYS_EMBED_SWIFT_STANDARD_LIBRARIES = YES;
				CODE_SIGN_STYLE = Automatic;
				CURRENT_PROJECT_VERSION = 1;
				GENERATE_INFOPLIST_FILE = YES;
				MARKETING_VERSION = 1.0;
				PRODUCT_BUNDLE_IDENTIFIER = com.unittests.ObservabilityTests;
				PRODUCT_NAME = "$(TARGET_NAME)";
				SWIFT_EMIT_LOC_STRINGS = NO;
				SWIFT_VERSION = 5.0;
				TARGETED_DEVICE_FAMILY = "1,2";
				TEST_HOST = "$(BUILT_PRODUCTS_DIR)/AppForUnitTesting.app/$(BUNDLE_EXECUTABLE_FOLDER_PATH)/AppForUnitTesting";
			};
			name = Debug;
		};
		9E8FDB862A8C2A5700C2DAC6 /* Release */ = {
			isa = XCBuildConfiguration;
			buildSettings = {
				ALWAYS_EMBED_SWIFT_STANDARD_LIBRARIES = YES;
				CODE_SIGN_STYLE = Automatic;
				CURRENT_PROJECT_VERSION = 1;
				GENERATE_INFOPLIST_FILE = YES;
				MARKETING_VERSION = 1.0;
				PRODUCT_BUNDLE_IDENTIFIER = com.unittests.ObservabilityTests;
				PRODUCT_NAME = "$(TARGET_NAME)";
				SWIFT_EMIT_LOC_STRINGS = NO;
				SWIFT_VERSION = 5.0;
				TARGETED_DEVICE_FAMILY = "1,2";
				TEST_HOST = "$(BUILT_PRODUCTS_DIR)/AppForUnitTesting.app/$(BUNDLE_EXECUTABLE_FOLDER_PATH)/AppForUnitTesting";
			};
			name = Release;
		};
/* End XCBuildConfiguration section */

/* Begin XCConfigurationList section */
		9E7DFA1C2A7D3D0E00D0C63B /* Build configuration list for PBXProject "AppForUnitTesting" */ = {
			isa = XCConfigurationList;
			buildConfigurations = (
				9E7DFA492A7D3D1000D0C63B /* Debug */,
				9E7DFA4A2A7D3D1000D0C63B /* Release */,
			);
			defaultConfigurationIsVisible = 0;
			defaultConfigurationName = Release;
		};
		9E7DFA4B2A7D3D1000D0C63B /* Build configuration list for PBXNativeTarget "AppForUnitTesting" */ = {
			isa = XCConfigurationList;
			buildConfigurations = (
				9E7DFA4C2A7D3D1000D0C63B /* Debug */,
				9E7DFA4D2A7D3D1000D0C63B /* Release */,
			);
			defaultConfigurationIsVisible = 0;
			defaultConfigurationName = Release;
		};
		9E7DFA4E2A7D3D1000D0C63B /* Build configuration list for PBXNativeTarget "AppForUnitTestingTests" */ = {
			isa = XCConfigurationList;
			buildConfigurations = (
				9E7DFA4F2A7D3D1000D0C63B /* Debug */,
				9E7DFA502A7D3D1000D0C63B /* Release */,
			);
			defaultConfigurationIsVisible = 0;
			defaultConfigurationName = Release;
		};
		9E7DFA512A7D3D1000D0C63B /* Build configuration list for PBXNativeTarget "AppForUnitTestingUITests" */ = {
			isa = XCConfigurationList;
			buildConfigurations = (
				9E7DFA522A7D3D1000D0C63B /* Debug */,
				9E7DFA532A7D3D1000D0C63B /* Release */,
			);
			defaultConfigurationIsVisible = 0;
			defaultConfigurationName = Release;
		};
		9E8FDB342A8C1CCC00C2DAC6 /* Build configuration list for PBXNativeTarget "FeatureFlag" */ = {
			isa = XCConfigurationList;
			buildConfigurations = (
				9E8FDB352A8C1CCC00C2DAC6 /* Debug */,
				9E8FDB362A8C1CCC00C2DAC6 /* Release */,
			);
			defaultConfigurationIsVisible = 0;
			defaultConfigurationName = Release;
		};
		9E8FDB382A8C1CCC00C2DAC6 /* Build configuration list for PBXNativeTarget "FeatureFlagTests" */ = {
			isa = XCConfigurationList;
			buildConfigurations = (
				9E8FDB392A8C1CCC00C2DAC6 /* Debug */,
				9E8FDB3A2A8C1CCC00C2DAC6 /* Release */,
			);
			defaultConfigurationIsVisible = 0;
			defaultConfigurationName = Release;
		};
		9E8FDB5C2A8C28B100C2DAC6 /* Build configuration list for PBXNativeTarget "Analytics" */ = {
			isa = XCConfigurationList;
			buildConfigurations = (
				9E8FDB5D2A8C28B100C2DAC6 /* Debug */,
				9E8FDB5E2A8C28B100C2DAC6 /* Release */,
			);
			defaultConfigurationIsVisible = 0;
			defaultConfigurationName = Release;
		};
		9E8FDB5F2A8C28B100C2DAC6 /* Build configuration list for PBXNativeTarget "AnalyticsTests" */ = {
			isa = XCConfigurationList;
			buildConfigurations = (
				9E8FDB602A8C28B100C2DAC6 /* Debug */,
				9E8FDB612A8C28B100C2DAC6 /* Release */,
			);
			defaultConfigurationIsVisible = 0;
			defaultConfigurationName = Release;
		};
		9E8FDB812A8C2A5700C2DAC6 /* Build configuration list for PBXNativeTarget "Observability" */ = {
			isa = XCConfigurationList;
			buildConfigurations = (
				9E8FDB822A8C2A5700C2DAC6 /* Debug */,
				9E8FDB832A8C2A5700C2DAC6 /* Release */,
			);
			defaultConfigurationIsVisible = 0;
			defaultConfigurationName = Release;
		};
		9E8FDB842A8C2A5700C2DAC6 /* Build configuration list for PBXNativeTarget "ObservabilityTests" */ = {
			isa = XCConfigurationList;
			buildConfigurations = (
				9E8FDB852A8C2A5700C2DAC6 /* Debug */,
				9E8FDB862A8C2A5700C2DAC6 /* Release */,
			);
			defaultConfigurationIsVisible = 0;
			defaultConfigurationName = Release;
		};
/* End XCConfigurationList section */
	};
	rootObject = 9E7DFA192A7D3D0E00D0C63B /* Project object */;
}
